
Microsoft Visual Studio Solution File, Format Version 12.00
# Visual Studio Version 16
VisualStudioVersion = 16.0.32002.261
MinimumVisualStudioVersion = 10.0.40219.1
Project("{2150E333-8FDC-42A3-9474-1A3956D46DE8}") = "Solution Items", "Solution Items", "{BCC23036-3268-4A3A-8E0D-106FC67D5A73}"
EndProject
Project("{FAE04EC0-301F-11D3-BF4B-00C04F79EFBC}") = "Konvolucio.MGUI201222", "Konvolucio.MGUI201222.UI\Konvolucio.MGUI201222.UI.csproj", "{7DB95A0F-D60C-4C44-B872-C6BBCBC8BCF0}"
EndProject
Project("{930C7802-8A8C-48F9-8165-68863BCCD9DD}") = "Konvolucio.MGUI201222.Setup", "Konvolucio.MGUI201222.Setup\Konvolucio.MGUI201222.Setup.wixproj", "{B877AA26-A8DA-484C-A7E9-71F10B44CCFD}"
EndProject
Project("{FAE04EC0-301F-11D3-BF4B-00C04F79EFBC}") = "Konvolucio.MGUI201222.IO", "Konvolucio.MGUI201222.IO\Konvolucio.MGUI201222.IO.csproj", "{A945BA89-AE10-4D1D-929F-EDE5F8B7CAD2}"
EndProject
Project("{FAE04EC0-301F-11D3-BF4B-00C04F79EFBC}") = "Konvolucio.DACcomm", "Konvolucio.DACcomm\Konvolucio.DACcomm.csproj", "{EE7FF540-D3A9-4F52-A74C-9BB19B1DA211}"
EndProject
Project("{FAE04EC0-301F-11D3-BF4B-00C04F79EFBC}") = "Konvolucio.MGUI201222.Log", "Konvolucio.MGUI201222.Log\Konvolucio.MGUI201222.Log.csproj", "{63A90115-AFE5-4593-BF4A-55A413849B4B}"
EndProject
Global
	GlobalSection(SolutionConfigurationPlatforms) = preSolution
		Debug|Any CPU = Debug|Any CPU
		Debug|x86 = Debug|x86
		Release|Any CPU = Release|Any CPU
		Release|x86 = Release|x86
	EndGlobalSection
	GlobalSection(ProjectConfigurationPlatforms) = postSolution
		{7DB95A0F-D60C-4C44-B872-C6BBCBC8BCF0}.Debug|Any CPU.ActiveCfg = Debug|Any CPU
		{7DB95A0F-D60C-4C44-B872-C6BBCBC8BCF0}.Debug|Any CPU.Build.0 = Debug|Any CPU
		{7DB95A0F-D60C-4C44-B872-C6BBCBC8BCF0}.Debug|x86.ActiveCfg = Debug|Any CPU
		{7DB95A0F-D60C-4C44-B872-C6BBCBC8BCF0}.Debug|x86.Build.0 = Debug|Any CPU
		{7DB95A0F-D60C-4C44-B872-C6BBCBC8BCF0}.Release|Any CPU.ActiveCfg = Release|Any CPU
		{7DB95A0F-D60C-4C44-B872-C6BBCBC8BCF0}.Release|Any CPU.Build.0 = Release|Any CPU
		{7DB95A0F-D60C-4C44-B872-C6BBCBC8BCF0}.Release|x86.ActiveCfg = Release|Any CPU
		{7DB95A0F-D60C-4C44-B872-C6BBCBC8BCF0}.Release|x86.Build.0 = Release|Any CPU
		{B877AA26-A8DA-484C-A7E9-71F10B44CCFD}.Debug|Any CPU.ActiveCfg = Debug|x86
		{B877AA26-A8DA-484C-A7E9-71F10B44CCFD}.Debug|Any CPU.Build.0 = Debug|x86
		{B877AA26-A8DA-484C-A7E9-71F10B44CCFD}.Debug|x86.ActiveCfg = Debug|x86
		{B877AA26-A8DA-484C-A7E9-71F10B44CCFD}.Debug|x86.Build.0 = Debug|x86
		{B877AA26-A8DA-484C-A7E9-71F10B44CCFD}.Release|Any CPU.ActiveCfg = Release|x86
		{B877AA26-A8DA-484C-A7E9-71F10B44CCFD}.Release|Any CPU.Build.0 = Release|x86
		{B877AA26-A8DA-484C-A7E9-71F10B44CCFD}.Release|x86.ActiveCfg = Release|x86
		{B877AA26-A8DA-484C-A7E9-71F10B44CCFD}.Release|x86.Build.0 = Release|x86
		{A945BA89-AE10-4D1D-929F-EDE5F8B7CAD2}.Debug|Any CPU.ActiveCfg = Debug|Any CPU
		{A945BA89-AE10-4D1D-929F-EDE5F8B7CAD2}.Debug|Any CPU.Build.0 = Debug|Any CPU
		{A945BA89-AE10-4D1D-929F-EDE5F8B7CAD2}.Debug|x86.ActiveCfg = Debug|Any CPU
		{A945BA89-AE10-4D1D-929F-EDE5F8B7CAD2}.Debug|x86.Build.0 = Debug|Any CPU
		{A945BA89-AE10-4D1D-929F-EDE5F8B7CAD2}.Release|Any CPU.ActiveCfg = Release|Any CPU
		{A945BA89-AE10-4D1D-929F-EDE5F8B7CAD2}.Release|Any CPU.Build.0 = Release|Any CPU
		{A945BA89-AE10-4D1D-929F-EDE5F8B7CAD2}.Release|x86.ActiveCfg = Release|Any CPU
		{A945BA89-AE10-4D1D-929F-EDE5F8B7CAD2}.Release|x86.Build.0 = Release|Any CPU
		{EE7FF540-D3A9-4F52-A74C-9BB19B1DA211}.Debug|Any CPU.ActiveCfg = Debug|Any CPU
		{EE7FF540-D3A9-4F52-A74C-9BB19B1DA211}.Debug|Any CPU.Build.0 = Debug|Any CPU
		{EE7FF540-D3A9-4F52-A74C-9BB19B1DA211}.Debug|x86.ActiveCfg = Debug|Any CPU
		{EE7FF540-D3A9-4F52-A74C-9BB19B1DA211}.Debug|x86.Build.0 = Debug|Any CPU
		{EE7FF540-D3A9-4F52-A74C-9BB19B1DA211}.Release|Any CPU.ActiveCfg = Release|Any CPU
		{EE7FF540-D3A9-4F52-A74C-9BB19B1DA211}.Release|Any CPU.Build.0 = Release|Any CPU
		{EE7FF540-D3A9-4F52-A74C-9BB19B1DA211}.Release|x86.ActiveCfg = Release|Any CPU
		{EE7FF540-D3A9-4F52-A74C-9BB19B1DA211}.Release|x86.Build.0 = Release|Any CPU
		{63A90115-AFE5-4593-BF4A-55A413849B4B}.Debug|Any CPU.ActiveCfg = Debug|Any CPU
		{63A90115-AFE5-4593-BF4A-55A413849B4B}.Debug|Any CPU.Build.0 = Debug|Any CPU
		{63A90115-AFE5-4593-BF4A-55A413849B4B}.Debug|x86.ActiveCfg = Debug|Any CPU
		{63A90115-AFE5-4593-BF4A-55A413849B4B}.Debug|x86.Build.0 = Debug|Any CPU
		{63A90115-AFE5-4593-BF4A-55A413849B4B}.Release|Any CPU.ActiveCfg = Release|Any CPU
		{63A90115-AFE5-4593-BF4A-55A413849B4B}.Release|Any CPU.Build.0 = Release|Any CPU
		{63A90115-AFE5-4593-BF4A-55A413849B4B}.Release|x86.ActiveCfg = Release|Any CPU
		{63A90115-AFE5-4593-BF4A-55A413849B4B}.Release|x86.Build.0 = Release|Any CPU
	EndGlobalSection
	GlobalSection(SolutionProperties) = preSolution
		HideSolutionNode = FALSE
	EndGlobalSection
	GlobalSection(ExtensibilityGlobals) = postSolution
		SolutionGuid = {62434757-57CA-480D-BDB1-F65487CCAD50}
	EndGlobalSection
EndGlobal
